
Microsoft Visual Studio Solution File, Format Version 12.00
# Visual Studio Version 17
VisualStudioVersion = 17.9.34616.47
MinimumVisualStudioVersion = 10.0.40219.1
Project("{FAE04EC0-301F-11D3-BF4B-00C04F79EFBC}") = "ZomeCaller", "ZomeCaller\ZomeCaller.csproj", "{8CA3EAA4-15EF-45BE-BA23-D07AF4E5137A}"
EndProject
Project("{2150E333-8FDC-42A3-9474-1A3956D46DE8}") = "Solution Items", "Solution Items", "{CCB71E94-2197-4E06-B981-5B603DD89CCA}"
EndProject
Global
	GlobalSection(SolutionConfigurationPlatforms) = preSolution
		Debug|Any CPU = Debug|Any CPU
		Release|Any CPU = Release|Any CPU
	EndGlobalSection
	GlobalSection(ProjectConfigurationPlatforms) = postSolution
		{8CA3EAA4-15EF-45BE-BA23-D07AF4E5137A}.Debug|Any CPU.ActiveCfg = Debug|Any CPU
		{8CA3EAA4-15EF-45BE-BA23-D07AF4E5137A}.Debug|Any CPU.Build.0 = Debug|Any CPU
		{8CA3EAA4-15EF-45BE-BA23-D07AF4E5137A}.Release|Any CPU.ActiveCfg = Release|Any CPU
		{8CA3EAA4-15EF-45BE-BA23-D07AF4E5137A}.Release|Any CPU.Build.0 = Release|Any CPU
	EndGlobalSection
	GlobalSection(SolutionProperties) = preSolution
		HideSolutionNode = FALSE
	EndGlobalSection
	GlobalSection(ExtensibilityGlobals) = postSolution
		SolutionGuid = {4ABFEA50-00FA-4EF2-8111-27ED0F9F5779}
	EndGlobalSection
EndGlobal
